# This file is automatically @generated by Cargo.
# It is not intended for manual editing.
[[package]]
name = "lazy_static"
version = "1.4.0"
source = "registry+https://github.com/rust-lang/crates.io-index"
checksum = "e2abad23fbc42b3700f2f279844dc832adb2b2eb069b2df918f455c4e18cc646"

[[package]]
name = "libc"
version = "0.2.126"
source = "registry+https://github.com/rust-lang/crates.io-index"
checksum = "349d5a591cd28b49e1d1037471617a32ddcda5731b99419008085f72d5a53836"

[[package]]
name = "physical-computing"
version = "0.1.0"
dependencies = [
 "rust_gpiozero",
]

[[package]]
name = "rppal"
version = "0.12.0"
source = "registry+https://github.com/rust-lang/crates.io-index"
checksum = "eb26758c881b4837b2f4aef569e4251f75388e36b37204e1804ef429c220121c"
dependencies = [
 "lazy_static",
 "libc",
]

[[package]]
name = "rust_gpiozero"
version = "0.2.1"
source = "registry+https://github.com/rust-lang/crates.io-index"
checksum = "ef0e15226913de082030649dc55bb1db057ffc1c7c2b418454912a85b40523f3"
dependencies = [
 "rppal",
]
